
Microsoft Visual Studio Solution File, Format Version 12.00
# Visual Studio Version 17
VisualStudioVersion = 17.9.34728.123
MinimumVisualStudioVersion = 10.0.40219.1
Project("{2150E333-8FDC-42A3-9474-1A3956D46DE8}") = "NTier", "NTier", "{5DAB62BC-A777-4FF4-9D0D-AB47C8CE912E}"
EndProject
Project("{9A19103F-16F7-4668-BE54-9A1E7A4F7556}") = "DAL", "DAL\DAL.csproj", "{775E499A-648D-4DE7-9014-722FDD250CF7}"
EndProject
Project("{9A19103F-16F7-4668-BE54-9A1E7A4F7556}") = "Entities", "Entities\Entities.csproj", "{5745B6A1-B54E-4545-A735-128B64D20A29}"
EndProject
Project("{9A19103F-16F7-4668-BE54-9A1E7A4F7556}") = "DTOs", "DTOs\DTOs.csproj", "{3F273B99-5569-46C5-9B4A-0FFFF594AA86}"
EndProject
Project("{9A19103F-16F7-4668-BE54-9A1E7A4F7556}") = "ViewModels", "ViewModels\ViewModels.csproj", "{4C4915C6-37C1-4CDA-8D51-6B06707EA920}"
EndProject
Project("{9A19103F-16F7-4668-BE54-9A1E7A4F7556}") = "WepAPI", "WepAPI\WepAPI.csproj", "{A938F628-10F5-4760-83AB-33D897318EBC}"
EndProject
Project("{9A19103F-16F7-4668-BE54-9A1E7A4F7556}") = "Common", "Common\Common.csproj", "{ADC7C974-A44F-4C1B-9EBC-6C9EE3B0A4A6}"
EndProject
Project("{9A19103F-16F7-4668-BE54-9A1E7A4F7556}") = "BLL", "BLL\BLL.csproj", "{4ED3B74C-92A5-428A-838A-00D570D53D7F}"
EndProject
Project("{FAE04EC0-301F-11D3-BF4B-00C04F79EFBC}") = "ETicaretMVC", "ETicaretMVC\ETicaretMVC.csproj", "{66DD6C40-D148-4694-AA21-DA9B2F19F948}"
EndProject
Global
	GlobalSection(SolutionConfigurationPlatforms) = preSolution
		Debug|Any CPU = Debug|Any CPU
		Release|Any CPU = Release|Any CPU
	EndGlobalSection
	GlobalSection(ProjectConfigurationPlatforms) = postSolution
		{775E499A-648D-4DE7-9014-722FDD250CF7}.Debug|Any CPU.ActiveCfg = Debug|Any CPU
		{775E499A-648D-4DE7-9014-722FDD250CF7}.Debug|Any CPU.Build.0 = Debug|Any CPU
		{775E499A-648D-4DE7-9014-722FDD250CF7}.Release|Any CPU.ActiveCfg = Release|Any CPU
		{775E499A-648D-4DE7-9014-722FDD250CF7}.Release|Any CPU.Build.0 = Release|Any CPU
		{5745B6A1-B54E-4545-A735-128B64D20A29}.Debug|Any CPU.ActiveCfg = Debug|Any CPU
		{5745B6A1-B54E-4545-A735-128B64D20A29}.Debug|Any CPU.Build.0 = Debug|Any CPU
		{5745B6A1-B54E-4545-A735-128B64D20A29}.Release|Any CPU.ActiveCfg = Release|Any CPU
		{5745B6A1-B54E-4545-A735-128B64D20A29}.Release|Any CPU.Build.0 = Release|Any CPU
		{3F273B99-5569-46C5-9B4A-0FFFF594AA86}.Debug|Any CPU.ActiveCfg = Debug|Any CPU
		{3F273B99-5569-46C5-9B4A-0FFFF594AA86}.Debug|Any CPU.Build.0 = Debug|Any CPU
		{3F273B99-5569-46C5-9B4A-0FFFF594AA86}.Release|Any CPU.ActiveCfg = Release|Any CPU
		{3F273B99-5569-46C5-9B4A-0FFFF594AA86}.Release|Any CPU.Build.0 = Release|Any CPU
		{4C4915C6-37C1-4CDA-8D51-6B06707EA920}.Debug|Any CPU.ActiveCfg = Debug|Any CPU
		{4C4915C6-37C1-4CDA-8D51-6B06707EA920}.Debug|Any CPU.Build.0 = Debug|Any CPU
		{4C4915C6-37C1-4CDA-8D51-6B06707EA920}.Release|Any CPU.ActiveCfg = Release|Any CPU
		{4C4915C6-37C1-4CDA-8D51-6B06707EA920}.Release|Any CPU.Build.0 = Release|Any CPU
		{A938F628-10F5-4760-83AB-33D897318EBC}.Debug|Any CPU.ActiveCfg = Debug|Any CPU
		{A938F628-10F5-4760-83AB-33D897318EBC}.Debug|Any CPU.Build.0 = Debug|Any CPU
		{A938F628-10F5-4760-83AB-33D897318EBC}.Release|Any CPU.ActiveCfg = Release|Any CPU
		{A938F628-10F5-4760-83AB-33D897318EBC}.Release|Any CPU.Build.0 = Release|Any CPU
		{ADC7C974-A44F-4C1B-9EBC-6C9EE3B0A4A6}.Debug|Any CPU.ActiveCfg = Debug|Any CPU
		{ADC7C974-A44F-4C1B-9EBC-6C9EE3B0A4A6}.Debug|Any CPU.Build.0 = Debug|Any CPU
		{ADC7C974-A44F-4C1B-9EBC-6C9EE3B0A4A6}.Release|Any CPU.ActiveCfg = Release|Any CPU
		{ADC7C974-A44F-4C1B-9EBC-6C9EE3B0A4A6}.Release|Any CPU.Build.0 = Release|Any CPU
		{4ED3B74C-92A5-428A-838A-00D570D53D7F}.Debug|Any CPU.ActiveCfg = Debug|Any CPU
		{4ED3B74C-92A5-428A-838A-00D570D53D7F}.Debug|Any CPU.Build.0 = Debug|Any CPU
		{4ED3B74C-92A5-428A-838A-00D570D53D7F}.Release|Any CPU.ActiveCfg = Release|Any CPU
		{4ED3B74C-92A5-428A-838A-00D570D53D7F}.Release|Any CPU.Build.0 = Release|Any CPU
		{66DD6C40-D148-4694-AA21-DA9B2F19F948}.Debug|Any CPU.ActiveCfg = Debug|Any CPU
		{66DD6C40-D148-4694-AA21-DA9B2F19F948}.Debug|Any CPU.Build.0 = Debug|Any CPU
		{66DD6C40-D148-4694-AA21-DA9B2F19F948}.Release|Any CPU.ActiveCfg = Release|Any CPU
		{66DD6C40-D148-4694-AA21-DA9B2F19F948}.Release|Any CPU.Build.0 = Release|Any CPU
	EndGlobalSection
	GlobalSection(SolutionProperties) = preSolution
		HideSolutionNode = FALSE
	EndGlobalSection
	GlobalSection(NestedProjects) = preSolution
		{775E499A-648D-4DE7-9014-722FDD250CF7} = {5DAB62BC-A777-4FF4-9D0D-AB47C8CE912E}
		{5745B6A1-B54E-4545-A735-128B64D20A29} = {5DAB62BC-A777-4FF4-9D0D-AB47C8CE912E}
		{3F273B99-5569-46C5-9B4A-0FFFF594AA86} = {5DAB62BC-A777-4FF4-9D0D-AB47C8CE912E}
		{4C4915C6-37C1-4CDA-8D51-6B06707EA920} = {5DAB62BC-A777-4FF4-9D0D-AB47C8CE912E}
		{ADC7C974-A44F-4C1B-9EBC-6C9EE3B0A4A6} = {5DAB62BC-A777-4FF4-9D0D-AB47C8CE912E}
		{4ED3B74C-92A5-428A-838A-00D570D53D7F} = {5DAB62BC-A777-4FF4-9D0D-AB47C8CE912E}
	EndGlobalSection
	GlobalSection(ExtensibilityGlobals) = postSolution
		SolutionGuid = {5FF3CD6B-F104-4720-AF3D-B50F6022FBE2}
	EndGlobalSection
EndGlobal
